{
  "name": "Router-Crash",
  "lockfileVersion": 3,
  "requires": true,
  "packages": {
    "": {
      "dependencies": {
        "react-router-dom": "^6.21.2"
      }
    },
    "node_modules/@remix-run/router": {
      "version": "1.14.2",
      "resolved": "https://registry.npmjs.org/@remix-run/router/-/router-1.14.2.tgz",
      "integrity": "sha512-ACXpdMM9hmKZww21yEqWwiLws/UPLhNKvimN8RrYSqPSvB3ov7sLvAcfvaxePeLvccTQKGdkDIhLYApZVDFuKg==",
      "engines": {
        "node": ">=14.0.0"
      }
    },
    "node_modules/react-router": {
      "version": "6.21.2",
      "resolved": "https://registry.npmjs.org/react-router/-/react-router-6.21.2.tgz",
      "integrity": "sha512-jJcgiwDsnaHIeC+IN7atO0XiSRCrOsQAHHbChtJxmgqG2IaYQXSnhqGb5vk2CU/wBQA12Zt+TkbuJjIn65gzbA==",
      "dependencies": {
        "@remix-run/router": "1.14.2"
      },
      "engines": {
        "node": ">=14.0.0"
      },
      "peerDependencies": {
        "react": ">=16.8"
      }
    },
    "node_modules/react-router-dom": {
      "version": "6.21.2",
      "resolved": "https://registry.npmjs.org/react-router-dom/-/react-router-dom-6.21.2.tgz",
      "integrity": "sha512-tE13UukgUOh2/sqYr6jPzZTzmzc70aGRP4pAjG2if0IP3aUT+sBtAKUJh0qMh0zylJHGLmzS+XWVaON4UklHeg==",
      "dependencies": {
        "@remix-run/router": "1.14.2",
        "react-router": "6.21.2"
      },
      "engines": {
        "node": ">=14.0.0"
      },
      "peerDependencies": {
        "react": ">=16.8",
        "react-dom": ">=16.8"
      }
    }
  }
}
